
Microsoft Visual Studio Solution File, Format Version 12.00
# Visual Studio Version 17
VisualStudioVersion = 17.5.33424.131
MinimumVisualStudioVersion = 10.0.40219.1
Project("{9A19103F-16F7-4668-BE54-9A1E7A4F7556}") = "HotelListing", "HotellListing\HotelListing.csproj", "{11E0204A-3DBD-4A60-8C0D-CE7B30D4F5A5}"
EndProject
Project("{9A19103F-16F7-4668-BE54-9A1E7A4F7556}") = "Data.HotelListing", "Data.HotelListing\Data.HotelListing.csproj", "{06AF3DA3-4CCB-422A-B9A0-7CB1CEFFA651}"
EndProject
Project("{FAE04EC0-301F-11D3-BF4B-00C04F79EFBC}") = "Cor.HotelListing", "Cor.HotelListing\Cor.HotelListing.csproj", "{9DDC9CE8-F7DF-400E-B24E-DA00C3545048}"
EndProject
Global
	GlobalSection(SolutionConfigurationPlatforms) = preSolution
		Debug|Any CPU = Debug|Any CPU
		Release|Any CPU = Release|Any CPU
	EndGlobalSection
	GlobalSection(ProjectConfigurationPlatforms) = postSolution
		{11E0204A-3DBD-4A60-8C0D-CE7B30D4F5A5}.Debug|Any CPU.ActiveCfg = Debug|Any CPU
		{11E0204A-3DBD-4A60-8C0D-CE7B30D4F5A5}.Debug|Any CPU.Build.0 = Debug|Any CPU
		{11E0204A-3DBD-4A60-8C0D-CE7B30D4F5A5}.Release|Any CPU.ActiveCfg = Release|Any CPU
		{11E0204A-3DBD-4A60-8C0D-CE7B30D4F5A5}.Release|Any CPU.Build.0 = Release|Any CPU
		{06AF3DA3-4CCB-422A-B9A0-7CB1CEFFA651}.Debug|Any CPU.ActiveCfg = Debug|Any CPU
		{06AF3DA3-4CCB-422A-B9A0-7CB1CEFFA651}.Debug|Any CPU.Build.0 = Debug|Any CPU
		{06AF3DA3-4CCB-422A-B9A0-7CB1CEFFA651}.Release|Any CPU.ActiveCfg = Release|Any CPU
		{06AF3DA3-4CCB-422A-B9A0-7CB1CEFFA651}.Release|Any CPU.Build.0 = Release|Any CPU
		{9DDC9CE8-F7DF-400E-B24E-DA00C3545048}.Debug|Any CPU.ActiveCfg = Debug|Any CPU
		{9DDC9CE8-F7DF-400E-B24E-DA00C3545048}.Debug|Any CPU.Build.0 = Debug|Any CPU
		{9DDC9CE8-F7DF-400E-B24E-DA00C3545048}.Release|Any CPU.ActiveCfg = Release|Any CPU
		{9DDC9CE8-F7DF-400E-B24E-DA00C3545048}.Release|Any CPU.Build.0 = Release|Any CPU
	EndGlobalSection
	GlobalSection(SolutionProperties) = preSolution
		HideSolutionNode = FALSE
	EndGlobalSection
	GlobalSection(ExtensibilityGlobals) = postSolution
		SolutionGuid = {5FD68C16-AF26-4496-ABC3-D88AF17F6D3D}
	EndGlobalSection
EndGlobal
